
Microsoft Visual Studio Solution File, Format Version 12.00
# Visual Studio Version 17
VisualStudioVersion = 17.10.34916.146
MinimumVisualStudioVersion = 10.0.40219.1
Project("{FAE04EC0-301F-11D3-BF4B-00C04F79EFBC}") = "ChainOfResponsibiltyDesignPattern", "ChainOfResponsibiltyDesignPattern\ChainOfResponsibiltyDesignPattern.csproj", "{5B5B8A22-C5EF-4C8D-B96E-EE852EBAB1D7}"
EndProject
Project("{FAE04EC0-301F-11D3-BF4B-00C04F79EFBC}") = "CQRSDesignPattern", "CQRSDesignPattern\CQRSDesignPattern.csproj", "{E7352ABE-CD25-4140-BABD-CE3DEDE86DE4}"
EndProject
Project("{FAE04EC0-301F-11D3-BF4B-00C04F79EFBC}") = "TemplateMethodDesignPattern", "TemplateMethodDesignPattern\TemplateMethodDesignPattern.csproj", "{A22F40D1-6F8E-4086-AE36-847126DBB99A}"
EndProject
Project("{FAE04EC0-301F-11D3-BF4B-00C04F79EFBC}") = "ObserverDesignPattern", "ObserverDesignPattern\ObserverDesignPattern.csproj", "{FBAD8D1D-A161-4A7A-82EB-127252B70713}"
EndProject
Project("{FAE04EC0-301F-11D3-BF4B-00C04F79EFBC}") = "UnitOfWorkDesignPattern", "UnitOfWorkDesignPattern\UnitOfWorkDesignPattern.csproj", "{DD169E39-BD91-43B2-996D-B4A16E19496B}"
EndProject
Project("{FAE04EC0-301F-11D3-BF4B-00C04F79EFBC}") = "RepositoryDesignPattern", "RepositoryDesignPattern\RepositoryDesignPattern.csproj", "{EBC0CDEE-4378-4F75-9B40-F590C235D082}"
EndProject
Project("{FAE04EC0-301F-11D3-BF4B-00C04F79EFBC}") = "CompositeDesignPattern", "CompositeDesignPattern\CompositeDesignPattern.csproj", "{39D1977A-53DB-4E0A-B075-DFD010B3F12C}"
EndProject
Project("{FAE04EC0-301F-11D3-BF4B-00C04F79EFBC}") = "MediatorDesignPattern", "MediatorDesignPattern\MediatorDesignPattern.csproj", "{F42999B1-2EE7-49F5-B2DF-A19C7205718E}"
EndProject
Project("{FAE04EC0-301F-11D3-BF4B-00C04F79EFBC}") = "IteratorDesignPattern", "IteratorDesignPattern\IteratorDesignPattern.csproj", "{593D3263-91F1-4A73-93DC-D010CDBE95F0}"
EndProject
Project("{FAE04EC0-301F-11D3-BF4B-00C04F79EFBC}") = "FacadeDesignPattern", "FacadeDesignPattern\FacadeDesignPattern.csproj", "{81EFD24F-5C83-4EAC-AB67-90503C6D14A6}"
EndProject
Project("{FAE04EC0-301F-11D3-BF4B-00C04F79EFBC}") = "DecoratorDesignPattern", "DecoratorDesignPattern\DecoratorDesignPattern.csproj", "{D9717D01-C5F2-4972-B48D-64E27387263B}"
EndProject
Global
	GlobalSection(SolutionProperties) = preSolution
		HideSolutionNode = FALSE
	EndGlobalSection
	GlobalSection(ExtensibilityGlobals) = postSolution
		SolutionGuid = {7E0D84CB-4745-46B9-B041-2FB0D83BD3EA}
	EndGlobalSection
	GlobalSection(SolutionConfigurationPlatforms) = preSolution
		Debug|Any CPU = Debug|Any CPU
		Debug|x64 = Debug|x64
		Debug|x86 = Debug|x86
		Release|Any CPU = Release|Any CPU
		Release|x64 = Release|x64
		Release|x86 = Release|x86
	EndGlobalSection
	GlobalSection(ProjectConfigurationPlatforms) = postSolution
		{5B5B8A22-C5EF-4C8D-B96E-EE852EBAB1D7}.Debug|Any CPU.ActiveCfg = Debug|Any CPU
		{5B5B8A22-C5EF-4C8D-B96E-EE852EBAB1D7}.Debug|Any CPU.Build.0 = Debug|Any CPU
		{5B5B8A22-C5EF-4C8D-B96E-EE852EBAB1D7}.Debug|x64.ActiveCfg = Debug|Any CPU
		{5B5B8A22-C5EF-4C8D-B96E-EE852EBAB1D7}.Debug|x64.Build.0 = Debug|Any CPU
		{5B5B8A22-C5EF-4C8D-B96E-EE852EBAB1D7}.Debug|x86.ActiveCfg = Debug|Any CPU
		{5B5B8A22-C5EF-4C8D-B96E-EE852EBAB1D7}.Debug|x86.Build.0 = Debug|Any CPU
		{5B5B8A22-C5EF-4C8D-B96E-EE852EBAB1D7}.Release|Any CPU.ActiveCfg = Release|Any CPU
		{5B5B8A22-C5EF-4C8D-B96E-EE852EBAB1D7}.Release|Any CPU.Build.0 = Release|Any CPU
		{5B5B8A22-C5EF-4C8D-B96E-EE852EBAB1D7}.Release|x64.ActiveCfg = Release|Any CPU
		{5B5B8A22-C5EF-4C8D-B96E-EE852EBAB1D7}.Release|x64.Build.0 = Release|Any CPU
		{5B5B8A22-C5EF-4C8D-B96E-EE852EBAB1D7}.Release|x86.ActiveCfg = Release|Any CPU
		{5B5B8A22-C5EF-4C8D-B96E-EE852EBAB1D7}.Release|x86.Build.0 = Release|Any CPU
		{E7352ABE-CD25-4140-BABD-CE3DEDE86DE4}.Debug|Any CPU.ActiveCfg = Debug|Any CPU
		{E7352ABE-CD25-4140-BABD-CE3DEDE86DE4}.Debug|Any CPU.Build.0 = Debug|Any CPU
		{E7352ABE-CD25-4140-BABD-CE3DEDE86DE4}.Debug|x64.ActiveCfg = Debug|Any CPU
		{E7352ABE-CD25-4140-BABD-CE3DEDE86DE4}.Debug|x64.Build.0 = Debug|Any CPU
		{E7352ABE-CD25-4140-BABD-CE3DEDE86DE4}.Debug|x86.ActiveCfg = Debug|Any CPU
		{E7352ABE-CD25-4140-BABD-CE3DEDE86DE4}.Debug|x86.Build.0 = Debug|Any CPU
		{E7352ABE-CD25-4140-BABD-CE3DEDE86DE4}.Release|Any CPU.ActiveCfg = Release|Any CPU
		{E7352ABE-CD25-4140-BABD-CE3DEDE86DE4}.Release|Any CPU.Build.0 = Release|Any CPU
		{E7352ABE-CD25-4140-BABD-CE3DEDE86DE4}.Release|x64.ActiveCfg = Release|Any CPU
		{E7352ABE-CD25-4140-BABD-CE3DEDE86DE4}.Release|x64.Build.0 = Release|Any CPU
		{E7352ABE-CD25-4140-BABD-CE3DEDE86DE4}.Release|x86.ActiveCfg = Release|Any CPU
		{E7352ABE-CD25-4140-BABD-CE3DEDE86DE4}.Release|x86.Build.0 = Release|Any CPU
		{A22F40D1-6F8E-4086-AE36-847126DBB99A}.Debug|Any CPU.ActiveCfg = Debug|Any CPU
		{A22F40D1-6F8E-4086-AE36-847126DBB99A}.Debug|Any CPU.Build.0 = Debug|Any CPU
		{A22F40D1-6F8E-4086-AE36-847126DBB99A}.Debug|x64.ActiveCfg = Debug|Any CPU
		{A22F40D1-6F8E-4086-AE36-847126DBB99A}.Debug|x64.Build.0 = Debug|Any CPU
		{A22F40D1-6F8E-4086-AE36-847126DBB99A}.Debug|x86.ActiveCfg = Debug|Any CPU
		{A22F40D1-6F8E-4086-AE36-847126DBB99A}.Debug|x86.Build.0 = Debug|Any CPU
		{A22F40D1-6F8E-4086-AE36-847126DBB99A}.Release|Any CPU.ActiveCfg = Release|Any CPU
		{A22F40D1-6F8E-4086-AE36-847126DBB99A}.Release|Any CPU.Build.0 = Release|Any CPU
		{A22F40D1-6F8E-4086-AE36-847126DBB99A}.Release|x64.ActiveCfg = Release|Any CPU
		{A22F40D1-6F8E-4086-AE36-847126DBB99A}.Release|x64.Build.0 = Release|Any CPU
		{A22F40D1-6F8E-4086-AE36-847126DBB99A}.Release|x86.ActiveCfg = Release|Any CPU
		{A22F40D1-6F8E-4086-AE36-847126DBB99A}.Release|x86.Build.0 = Release|Any CPU
		{FBAD8D1D-A161-4A7A-82EB-127252B70713}.Debug|Any CPU.ActiveCfg = Debug|Any CPU
		{FBAD8D1D-A161-4A7A-82EB-127252B70713}.Debug|Any CPU.Build.0 = Debug|Any CPU
		{FBAD8D1D-A161-4A7A-82EB-127252B70713}.Debug|x64.ActiveCfg = Debug|Any CPU
		{FBAD8D1D-A161-4A7A-82EB-127252B70713}.Debug|x64.Build.0 = Debug|Any CPU
		{FBAD8D1D-A161-4A7A-82EB-127252B70713}.Debug|x86.ActiveCfg = Debug|Any CPU
		{FBAD8D1D-A161-4A7A-82EB-127252B70713}.Debug|x86.Build.0 = Debug|Any CPU
		{FBAD8D1D-A161-4A7A-82EB-127252B70713}.Release|Any CPU.ActiveCfg = Release|Any CPU
		{FBAD8D1D-A161-4A7A-82EB-127252B70713}.Release|Any CPU.Build.0 = Release|Any CPU
		{FBAD8D1D-A161-4A7A-82EB-127252B70713}.Release|x64.ActiveCfg = Release|Any CPU
		{FBAD8D1D-A161-4A7A-82EB-127252B70713}.Release|x64.Build.0 = Release|Any CPU
		{FBAD8D1D-A161-4A7A-82EB-127252B70713}.Release|x86.ActiveCfg = Release|Any CPU
		{FBAD8D1D-A161-4A7A-82EB-127252B70713}.Release|x86.Build.0 = Release|Any CPU
		{DD169E39-BD91-43B2-996D-B4A16E19496B}.Debug|Any CPU.ActiveCfg = Debug|Any CPU
		{DD169E39-BD91-43B2-996D-B4A16E19496B}.Debug|Any CPU.Build.0 = Debug|Any CPU
		{DD169E39-BD91-43B2-996D-B4A16E19496B}.Debug|x64.ActiveCfg = Debug|Any CPU
		{DD169E39-BD91-43B2-996D-B4A16E19496B}.Debug|x64.Build.0 = Debug|Any CPU
		{DD169E39-BD91-43B2-996D-B4A16E19496B}.Debug|x86.ActiveCfg = Debug|Any CPU
		{DD169E39-BD91-43B2-996D-B4A16E19496B}.Debug|x86.Build.0 = Debug|Any CPU
		{DD169E39-BD91-43B2-996D-B4A16E19496B}.Release|Any CPU.ActiveCfg = Release|Any CPU
		{DD169E39-BD91-43B2-996D-B4A16E19496B}.Release|Any CPU.Build.0 = Release|Any CPU
		{DD169E39-BD91-43B2-996D-B4A16E19496B}.Release|x64.ActiveCfg = Release|Any CPU
		{DD169E39-BD91-43B2-996D-B4A16E19496B}.Release|x64.Build.0 = Release|Any CPU
		{DD169E39-BD91-43B2-996D-B4A16E19496B}.Release|x86.ActiveCfg = Release|Any CPU
		{DD169E39-BD91-43B2-996D-B4A16E19496B}.Release|x86.Build.0 = Release|Any CPU
		{EBC0CDEE-4378-4F75-9B40-F590C235D082}.Debug|Any CPU.ActiveCfg = Debug|Any CPU
		{EBC0CDEE-4378-4F75-9B40-F590C235D082}.Debug|Any CPU.Build.0 = Debug|Any CPU
		{EBC0CDEE-4378-4F75-9B40-F590C235D082}.Debug|x64.ActiveCfg = Debug|Any CPU
		{EBC0CDEE-4378-4F75-9B40-F590C235D082}.Debug|x64.Build.0 = Debug|Any CPU
		{EBC0CDEE-4378-4F75-9B40-F590C235D082}.Debug|x86.ActiveCfg = Debug|Any CPU
		{EBC0CDEE-4378-4F75-9B40-F590C235D082}.Debug|x86.Build.0 = Debug|Any CPU
		{EBC0CDEE-4378-4F75-9B40-F590C235D082}.Release|Any CPU.ActiveCfg = Release|Any CPU
		{EBC0CDEE-4378-4F75-9B40-F590C235D082}.Release|Any CPU.Build.0 = Release|Any CPU
		{EBC0CDEE-4378-4F75-9B40-F590C235D082}.Release|x64.ActiveCfg = Release|Any CPU
		{EBC0CDEE-4378-4F75-9B40-F590C235D082}.Release|x64.Build.0 = Release|Any CPU
		{EBC0CDEE-4378-4F75-9B40-F590C235D082}.Release|x86.ActiveCfg = Release|Any CPU
		{EBC0CDEE-4378-4F75-9B40-F590C235D082}.Release|x86.Build.0 = Release|Any CPU
		{39D1977A-53DB-4E0A-B075-DFD010B3F12C}.Debug|Any CPU.ActiveCfg = Debug|Any CPU
		{39D1977A-53DB-4E0A-B075-DFD010B3F12C}.Debug|Any CPU.Build.0 = Debug|Any CPU
		{39D1977A-53DB-4E0A-B075-DFD010B3F12C}.Debug|x64.ActiveCfg = Debug|Any CPU
		{39D1977A-53DB-4E0A-B075-DFD010B3F12C}.Debug|x64.Build.0 = Debug|Any CPU
		{39D1977A-53DB-4E0A-B075-DFD010B3F12C}.Debug|x86.ActiveCfg = Debug|Any CPU
		{39D1977A-53DB-4E0A-B075-DFD010B3F12C}.Debug|x86.Build.0 = Debug|Any CPU
		{39D1977A-53DB-4E0A-B075-DFD010B3F12C}.Release|Any CPU.ActiveCfg = Release|Any CPU
		{39D1977A-53DB-4E0A-B075-DFD010B3F12C}.Release|Any CPU.Build.0 = Release|Any CPU
		{39D1977A-53DB-4E0A-B075-DFD010B3F12C}.Release|x64.ActiveCfg = Release|Any CPU
		{39D1977A-53DB-4E0A-B075-DFD010B3F12C}.Release|x64.Build.0 = Release|Any CPU
		{39D1977A-53DB-4E0A-B075-DFD010B3F12C}.Release|x86.ActiveCfg = Release|Any CPU
		{39D1977A-53DB-4E0A-B075-DFD010B3F12C}.Release|x86.Build.0 = Release|Any CPU
		{F42999B1-2EE7-49F5-B2DF-A19C7205718E}.Debug|Any CPU.ActiveCfg = Debug|Any CPU
		{F42999B1-2EE7-49F5-B2DF-A19C7205718E}.Debug|Any CPU.Build.0 = Debug|Any CPU
		{F42999B1-2EE7-49F5-B2DF-A19C7205718E}.Debug|x64.ActiveCfg = Debug|Any CPU
		{F42999B1-2EE7-49F5-B2DF-A19C7205718E}.Debug|x64.Build.0 = Debug|Any CPU
		{F42999B1-2EE7-49F5-B2DF-A19C7205718E}.Debug|x86.ActiveCfg = Debug|Any CPU
		{F42999B1-2EE7-49F5-B2DF-A19C7205718E}.Debug|x86.Build.0 = Debug|Any CPU
		{F42999B1-2EE7-49F5-B2DF-A19C7205718E}.Release|Any CPU.ActiveCfg = Release|Any CPU
		{F42999B1-2EE7-49F5-B2DF-A19C7205718E}.Release|Any CPU.Build.0 = Release|Any CPU
		{F42999B1-2EE7-49F5-B2DF-A19C7205718E}.Release|x64.ActiveCfg = Release|Any CPU
		{F42999B1-2EE7-49F5-B2DF-A19C7205718E}.Release|x64.Build.0 = Release|Any CPU
		{F42999B1-2EE7-49F5-B2DF-A19C7205718E}.Release|x86.ActiveCfg = Release|Any CPU
		{F42999B1-2EE7-49F5-B2DF-A19C7205718E}.Release|x86.Build.0 = Release|Any CPU
		{593D3263-91F1-4A73-93DC-D010CDBE95F0}.Debug|Any CPU.ActiveCfg = Debug|Any CPU
		{593D3263-91F1-4A73-93DC-D010CDBE95F0}.Debug|Any CPU.Build.0 = Debug|Any CPU
		{593D3263-91F1-4A73-93DC-D010CDBE95F0}.Debug|x64.ActiveCfg = Debug|Any CPU
		{593D3263-91F1-4A73-93DC-D010CDBE95F0}.Debug|x64.Build.0 = Debug|Any CPU
		{593D3263-91F1-4A73-93DC-D010CDBE95F0}.Debug|x86.ActiveCfg = Debug|Any CPU
		{593D3263-91F1-4A73-93DC-D010CDBE95F0}.Debug|x86.Build.0 = Debug|Any CPU
		{593D3263-91F1-4A73-93DC-D010CDBE95F0}.Release|Any CPU.ActiveCfg = Release|Any CPU
		{593D3263-91F1-4A73-93DC-D010CDBE95F0}.Release|Any CPU.Build.0 = Release|Any CPU
		{593D3263-91F1-4A73-93DC-D010CDBE95F0}.Release|x64.ActiveCfg = Release|Any CPU
		{593D3263-91F1-4A73-93DC-D010CDBE95F0}.Release|x64.Build.0 = Release|Any CPU
		{593D3263-91F1-4A73-93DC-D010CDBE95F0}.Release|x86.ActiveCfg = Release|Any CPU
		{593D3263-91F1-4A73-93DC-D010CDBE95F0}.Release|x86.Build.0 = Release|Any CPU
		{81EFD24F-5C83-4EAC-AB67-90503C6D14A6}.Debug|Any CPU.ActiveCfg = Debug|Any CPU
		{81EFD24F-5C83-4EAC-AB67-90503C6D14A6}.Debug|Any CPU.Build.0 = Debug|Any CPU
		{81EFD24F-5C83-4EAC-AB67-90503C6D14A6}.Debug|x64.ActiveCfg = Debug|Any CPU
		{81EFD24F-5C83-4EAC-AB67-90503C6D14A6}.Debug|x64.Build.0 = Debug|Any CPU
		{81EFD24F-5C83-4EAC-AB67-90503C6D14A6}.Debug|x86.ActiveCfg = Debug|Any CPU
		{81EFD24F-5C83-4EAC-AB67-90503C6D14A6}.Debug|x86.Build.0 = Debug|Any CPU
		{81EFD24F-5C83-4EAC-AB67-90503C6D14A6}.Release|Any CPU.ActiveCfg = Release|Any CPU
		{81EFD24F-5C83-4EAC-AB67-90503C6D14A6}.Release|Any CPU.Build.0 = Release|Any CPU
		{81EFD24F-5C83-4EAC-AB67-90503C6D14A6}.Release|x64.ActiveCfg = Release|Any CPU
		{81EFD24F-5C83-4EAC-AB67-90503C6D14A6}.Release|x64.Build.0 = Release|Any CPU
		{81EFD24F-5C83-4EAC-AB67-90503C6D14A6}.Release|x86.ActiveCfg = Release|Any CPU
		{81EFD24F-5C83-4EAC-AB67-90503C6D14A6}.Release|x86.Build.0 = Release|Any CPU
		{D9717D01-C5F2-4972-B48D-64E27387263B}.Debug|Any CPU.ActiveCfg = Debug|Any CPU
		{D9717D01-C5F2-4972-B48D-64E27387263B}.Debug|Any CPU.Build.0 = Debug|Any CPU
		{D9717D01-C5F2-4972-B48D-64E27387263B}.Debug|x64.ActiveCfg = Debug|Any CPU
		{D9717D01-C5F2-4972-B48D-64E27387263B}.Debug|x64.Build.0 = Debug|Any CPU
		{D9717D01-C5F2-4972-B48D-64E27387263B}.Debug|x86.ActiveCfg = Debug|Any CPU
		{D9717D01-C5F2-4972-B48D-64E27387263B}.Debug|x86.Build.0 = Debug|Any CPU
		{D9717D01-C5F2-4972-B48D-64E27387263B}.Release|Any CPU.ActiveCfg = Release|Any CPU
		{D9717D01-C5F2-4972-B48D-64E27387263B}.Release|Any CPU.Build.0 = Release|Any CPU
		{D9717D01-C5F2-4972-B48D-64E27387263B}.Release|x64.ActiveCfg = Release|Any CPU
		{D9717D01-C5F2-4972-B48D-64E27387263B}.Release|x64.Build.0 = Release|Any CPU
		{D9717D01-C5F2-4972-B48D-64E27387263B}.Release|x86.ActiveCfg = Release|Any CPU
		{D9717D01-C5F2-4972-B48D-64E27387263B}.Release|x86.Build.0 = Release|Any CPU
	EndGlobalSection
EndGlobal
